// !$*UTF8*$!
{
	archiveVersion = 1;
	classes = {
	};
	objectVersion = 55;
	objects = {

/* Begin PBXBuildFile section */
		9539B80F27651F9D00E9E54D /* SnigletResult.swift in Sources */ = {isa = PBXBuildFile; fileRef = 9539B80E27651F9D00E9E54D /* SnigletResult.swift */; };
		9539B81027651FCF00E9E54D /* SnigletResult.swift in Sources */ = {isa = PBXBuildFile; fileRef = 9539B80E27651F9D00E9E54D /* SnigletResult.swift */; };
		9540B227276692DE00A6E5D2 /* DataModel.xcdatamodeld in Sources */ = {isa = PBXBuildFile; fileRef = 9540B225276692DE00A6E5D2 /* DataModel.xcdatamodeld */; };
		9540B228276692DE00A6E5D2 /* DataModel.xcdatamodeld in Sources */ = {isa = PBXBuildFile; fileRef = 9540B225276692DE00A6E5D2 /* DataModel.xcdatamodeld */; };
		95511DC2274AC36500234573 /* String.swift in Sources */ = {isa = PBXBuildFile; fileRef = 95511DC1274AC36500234573 /* String.swift */; };
		9552F65327432CE2004582D6 /* Give_Me_a_SnigletApp.swift in Sources */ = {isa = PBXBuildFile; fileRef = 9552F64327432CE0004582D6 /* Give_Me_a_SnigletApp.swift */; };
		9552F65527432CE2004582D6 /* ContentView.swift in Sources */ = {isa = PBXBuildFile; fileRef = 9552F64427432CE0004582D6 /* ContentView.swift */; };
		9552F65727432CE2004582D6 /* Assets.xcassets in Resources */ = {isa = PBXBuildFile; fileRef = 9552F64527432CE2004582D6 /* Assets.xcassets */; };
		9552F66227432DCE004582D6 /* SnigletValidator.mlmodel in Sources */ = {isa = PBXBuildFile; fileRef = 9552F66127432DCE004582D6 /* SnigletValidator.mlmodel */; };
		9552F66527432F0F004582D6 /* Sniglet.swift in Sources */ = {isa = PBXBuildFile; fileRef = 9552F66427432F0F004582D6 /* Sniglet.swift */; };
		95562DCE276695FF00E0C6FD /* Dictionary.swift in Sources */ = {isa = PBXBuildFile; fileRef = 95562DCD276695FF00E0C6FD /* Dictionary.swift */; };
		95562DD1276698FA00E0C6FD /* DBController.swift in Sources */ = {isa = PBXBuildFile; fileRef = 95562DD0276698FA00E0C6FD /* DBController.swift */; };
		95562DD227669A7500E0C6FD /* DBController.swift in Sources */ = {isa = PBXBuildFile; fileRef = 95562DD0276698FA00E0C6FD /* DBController.swift */; };
		95609547276D512E0026D4E1 /* CloudKit.framework in Frameworks */ = {isa = PBXBuildFile; fileRef = 95609546276D512E0026D4E1 /* CloudKit.framework */; };
		957676EA274CA3250011E558 /* GeneratorList.swift in Sources */ = {isa = PBXBuildFile; fileRef = 957676E9274CA3250011E558 /* GeneratorList.swift */; };
		957676EC274CA38A0011E558 /* GeneratorSingle.swift in Sources */ = {isa = PBXBuildFile; fileRef = 957676EB274CA38A0011E558 /* GeneratorSingle.swift */; };
		957DFBC5276D724A0034CBB0 /* WhatsNewView.swift in Sources */ = {isa = PBXBuildFile; fileRef = 957DFBC4276D724A0034CBB0 /* WhatsNewView.swift */; };
		958C2D3F274C1C1D0076E0D9 /* SyllableShapes.swift in Sources */ = {isa = PBXBuildFile; fileRef = 958C2D3E274C1C1D0076E0D9 /* SyllableShapes.swift */; };
		95C7401E276D6C2200A9AE63 /* CloudKit.framework in Frameworks */ = {isa = PBXBuildFile; fileRef = 95609546276D512E0026D4E1 /* CloudKit.framework */; };
		95C794952766D33100051AED /* RandomSniglet.swift in Sources */ = {isa = PBXBuildFile; fileRef = 95C794942766D33100051AED /* RandomSniglet.swift */; };
		95C794972766D35300051AED /* RandomSnigletProvider.swift in Sources */ = {isa = PBXBuildFile; fileRef = 95C794962766D35300051AED /* RandomSnigletProvider.swift */; };
		95C7949A2766D3C100051AED /* RandomSnigletEV.swift in Sources */ = {isa = PBXBuildFile; fileRef = 95C794992766D3C100051AED /* RandomSnigletEV.swift */; };
		95C7949C2766D3EF00051AED /* WidgetConfidenceBar.swift in Sources */ = {isa = PBXBuildFile; fileRef = 95C7949B2766D3EF00051AED /* WidgetConfidenceBar.swift */; };
		95C7949E2766D55000051AED /* SavedWOTDProvider.swift in Sources */ = {isa = PBXBuildFile; fileRef = 95C7949D2766D55000051AED /* SavedWOTDProvider.swift */; };
		95C794A02766D92A00051AED /* SavedWOTDEV.swift in Sources */ = {isa = PBXBuildFile; fileRef = 95C7949F2766D92A00051AED /* SavedWOTDEV.swift */; };
		95C794A22766DE1900051AED /* DailySavedSniglet.swift in Sources */ = {isa = PBXBuildFile; fileRef = 95C794A12766DE1800051AED /* DailySavedSniglet.swift */; };
		95C794A42766E5A500051AED /* AppGroup.swift in Sources */ = {isa = PBXBuildFile; fileRef = 95C794A32766E5A500051AED /* AppGroup.swift */; };
		95C794A52766E5A500051AED /* AppGroup.swift in Sources */ = {isa = PBXBuildFile; fileRef = 95C794A32766E5A500051AED /* AppGroup.swift */; };
		95E0697C274417F00043F568 /* Generator.swift in Sources */ = {isa = PBXBuildFile; fileRef = 95E0697B274417F00043F568 /* Generator.swift */; };
		95E0697F2744188B0043F568 /* Settings.swift in Sources */ = {isa = PBXBuildFile; fileRef = 95E0697E2744188B0043F568 /* Settings.swift */; };
		95E06984274419870043F568 /* Localizable.strings in Resources */ = {isa = PBXBuildFile; fileRef = 95E06987274419870043F568 /* Localizable.strings */; };
		95E0698927442B9D0043F568 /* DoubleExtension.swift in Sources */ = {isa = PBXBuildFile; fileRef = 95E0698827442B9D0043F568 /* DoubleExtension.swift */; };
		95F6D19127568CBC00668877 /* WidgetKit.framework in Frameworks */ = {isa = PBXBuildFile; fileRef = 95F6D19027568CBC00668877 /* WidgetKit.framework */; platformFilter = maccatalyst; };
		95F6D19327568CBC00668877 /* SwiftUI.framework in Frameworks */ = {isa = PBXBuildFile; fileRef = 95F6D19227568CBC00668877 /* SwiftUI.framework */; platformFilter = maccatalyst; };
		95F6D19627568CBC00668877 /* WidgetBundle.swift in Sources */ = {isa = PBXBuildFile; fileRef = 95F6D19527568CBC00668877 /* WidgetBundle.swift */; };
		95F6D19827568CBD00668877 /* Assets.xcassets in Resources */ = {isa = PBXBuildFile; fileRef = 95F6D19727568CBD00668877 /* Assets.xcassets */; };
		95F6D19C27568CBD00668877 /* Sniglet WidgetExtension.appex in Embed App Extensions */ = {isa = PBXBuildFile; fileRef = 95F6D18E27568CBC00668877 /* Sniglet WidgetExtension.appex */; settings = {ATTRIBUTES = (RemoveHeadersOnCopy, ); }; };
		95F6D1A227568CE700668877 /* String.swift in Sources */ = {isa = PBXBuildFile; fileRef = 95511DC1274AC36500234573 /* String.swift */; };
		95F6D1A327568CE900668877 /* DoubleExtension.swift in Sources */ = {isa = PBXBuildFile; fileRef = 95E0698827442B9D0043F568 /* DoubleExtension.swift */; };
		95F6D1A427568CEC00668877 /* SyllableShapes.swift in Sources */ = {isa = PBXBuildFile; fileRef = 958C2D3E274C1C1D0076E0D9 /* SyllableShapes.swift */; };
		95F6D1A527568CF100668877 /* Sniglet.swift in Sources */ = {isa = PBXBuildFile; fileRef = 9552F66427432F0F004582D6 /* Sniglet.swift */; };
		95F6D1A627568CF500668877 /* SnigletValidator.mlmodel in Sources */ = {isa = PBXBuildFile; fileRef = 9552F66127432DCE004582D6 /* SnigletValidator.mlmodel */; };
/* End PBXBuildFile section */

/* Begin PBXContainerItemProxy section */
		95F6D19A27568CBD00668877 /* PBXContainerItemProxy */ = {
			isa = PBXContainerItemProxy;
			containerPortal = 9552F63E27432CE0004582D6 /* Project object */;
			proxyType = 1;
			remoteGlobalIDString = 95F6D18D27568CBC00668877;
			remoteInfo = "Sniglet WidgetExtension";
		};
/* End PBXContainerItemProxy section */

/* Begin PBXCopyFilesBuildPhase section */
		95F6D19E27568CBD00668877 /* Embed App Extensions */ = {
			isa = PBXCopyFilesBuildPhase;
			buildActionMask = 2147483647;
			dstPath = "";
			dstSubfolderSpec = 13;
			files = (
				95F6D19C27568CBD00668877 /* Sniglet WidgetExtension.appex in Embed App Extensions */,
			);
			name = "Embed App Extensions";
			runOnlyForDeploymentPostprocessing = 0;
		};
/* End PBXCopyFilesBuildPhase section */

/* Begin PBXFileReference section */
		9539B80E27651F9D00E9E54D /* SnigletResult.swift */ = {isa = PBXFileReference; lastKnownFileType = sourcecode.swift; path = SnigletResult.swift; sourceTree = "<group>"; };
		9539B8112765263200E9E54D /* README.md */ = {isa = PBXFileReference; lastKnownFileType = net.daringfireball.markdown; path = README.md; sourceTree = "<group>"; };
		9540B226276692DE00A6E5D2 /* DataModel.xcdatamodel */ = {isa = PBXFileReference; lastKnownFileType = wrapper.xcdatamodel; path = DataModel.xcdatamodel; sourceTree = "<group>"; };
		95511DC1274AC36500234573 /* String.swift */ = {isa = PBXFileReference; lastKnownFileType = sourcecode.swift; path = String.swift; sourceTree = "<group>"; };
		9552F64327432CE0004582D6 /* Give_Me_a_SnigletApp.swift */ = {isa = PBXFileReference; lastKnownFileType = sourcecode.swift; path = Give_Me_a_SnigletApp.swift; sourceTree = "<group>"; };
		9552F64427432CE0004582D6 /* ContentView.swift */ = {isa = PBXFileReference; lastKnownFileType = sourcecode.swift; path = ContentView.swift; sourceTree = "<group>"; };
		9552F64527432CE2004582D6 /* Assets.xcassets */ = {isa = PBXFileReference; lastKnownFileType = folder.assetcatalog; path = Assets.xcassets; sourceTree = "<group>"; };
		9552F64A27432CE2004582D6 /* Give Me a Sniglet.app */ = {isa = PBXFileReference; explicitFileType = wrapper.application; includeInIndex = 0; path = "Give Me a Sniglet.app"; sourceTree = BUILT_PRODUCTS_DIR; };
		9552F65227432CE2004582D6 /* macOS.entitlements */ = {isa = PBXFileReference; lastKnownFileType = text.plist.entitlements; path = macOS.entitlements; sourceTree = "<group>"; };
		9552F66127432DCE004582D6 /* SnigletValidator.mlmodel */ = {isa = PBXFileReference; lastKnownFileType = file.mlmodel; path = SnigletValidator.mlmodel; sourceTree = "<group>"; };
		9552F66427432F0F004582D6 /* Sniglet.swift */ = {isa = PBXFileReference; lastKnownFileType = sourcecode.swift; path = Sniglet.swift; sourceTree = "<group>"; };
		95562DCD276695FF00E0C6FD /* Dictionary.swift */ = {isa = PBXFileReference; lastKnownFileType = sourcecode.swift; path = Dictionary.swift; sourceTree = "<group>"; };
		95562DD0276698FA00E0C6FD /* DBController.swift */ = {isa = PBXFileReference; lastKnownFileType = sourcecode.swift; path = DBController.swift; sourceTree = "<group>"; };
		95609546276D512E0026D4E1 /* CloudKit.framework */ = {isa = PBXFileReference; lastKnownFileType = wrapper.framework; name = CloudKit.framework; path = Platforms/iPhoneOS.platform/Developer/SDKs/iPhoneOS15.2.sdk/System/Library/Frameworks/CloudKit.framework; sourceTree = DEVELOPER_DIR; };
		957676E9274CA3250011E558 /* GeneratorList.swift */ = {isa = PBXFileReference; lastKnownFileType = sourcecode.swift; path = GeneratorList.swift; sourceTree = "<group>"; };
		957676EB274CA38A0011E558 /* GeneratorSingle.swift */ = {isa = PBXFileReference; lastKnownFileType = sourcecode.swift; path = GeneratorSingle.swift; sourceTree = "<group>"; };
		957DFBC4276D724A0034CBB0 /* WhatsNewView.swift */ = {isa = PBXFileReference; lastKnownFileType = sourcecode.swift; path = WhatsNewView.swift; sourceTree = "<group>"; };
		957DFBCC276E44C10034CBB0 /* Scripts */ = {isa = PBXFileReference; lastKnownFileType = folder; path = Scripts; sourceTree = "<group>"; };
		958C2D3E274C1C1D0076E0D9 /* SyllableShapes.swift */ = {isa = PBXFileReference; lastKnownFileType = sourcecode.swift; path = SyllableShapes.swift; sourceTree = "<group>"; };
		95BFE9C72766F804004E8630 /* Give-Me-a-Sniglet--iOS--Info.plist */ = {isa = PBXFileReference; lastKnownFileType = text.plist.xml; path = "Give-Me-a-Sniglet--iOS--Info.plist"; sourceTree = "<group>"; };
		95C794942766D33100051AED /* RandomSniglet.swift */ = {isa = PBXFileReference; lastKnownFileType = sourcecode.swift; path = RandomSniglet.swift; sourceTree = "<group>"; };
		95C794962766D35300051AED /* RandomSnigletProvider.swift */ = {isa = PBXFileReference; lastKnownFileType = sourcecode.swift; path = RandomSnigletProvider.swift; sourceTree = "<group>"; };
		95C794992766D3C100051AED /* RandomSnigletEV.swift */ = {isa = PBXFileReference; lastKnownFileType = sourcecode.swift; path = RandomSnigletEV.swift; sourceTree = "<group>"; };
		95C7949B2766D3EF00051AED /* WidgetConfidenceBar.swift */ = {isa = PBXFileReference; lastKnownFileType = sourcecode.swift; path = WidgetConfidenceBar.swift; sourceTree = "<group>"; };
		95C7949D2766D55000051AED /* SavedWOTDProvider.swift */ = {isa = PBXFileReference; lastKnownFileType = sourcecode.swift; path = SavedWOTDProvider.swift; sourceTree = "<group>"; };
		95C7949F2766D92A00051AED /* SavedWOTDEV.swift */ = {isa = PBXFileReference; lastKnownFileType = sourcecode.swift; path = SavedWOTDEV.swift; sourceTree = "<group>"; };
		95C794A12766DE1800051AED /* DailySavedSniglet.swift */ = {isa = PBXFileReference; lastKnownFileType = sourcecode.swift; path = DailySavedSniglet.swift; sourceTree = "<group>"; };
		95C794A32766E5A500051AED /* AppGroup.swift */ = {isa = PBXFileReference; lastKnownFileType = sourcecode.swift; path = AppGroup.swift; sourceTree = "<group>"; };
		95E0697B274417F00043F568 /* Generator.swift */ = {isa = PBXFileReference; lastKnownFileType = sourcecode.swift; path = Generator.swift; sourceTree = "<group>"; };
		95E0697E2744188B0043F568 /* Settings.swift */ = {isa = PBXFileReference; lastKnownFileType = sourcecode.swift; path = Settings.swift; sourceTree = "<group>"; };
		95E06986274419870043F568 /* en */ = {isa = PBXFileReference; lastKnownFileType = text.plist.strings; name = en; path = en.lproj/Localizable.strings; sourceTree = "<group>"; };
		95E0698827442B9D0043F568 /* DoubleExtension.swift */ = {isa = PBXFileReference; lastKnownFileType = sourcecode.swift; path = DoubleExtension.swift; sourceTree = "<group>"; };
		95E0698B274454F20043F568 /* Give Me a Sniglet (iOS).entitlements */ = {isa = PBXFileReference; lastKnownFileType = text.plist.entitlements; path = "Give Me a Sniglet (iOS).entitlements"; sourceTree = "<group>"; };
		95F6D18E27568CBC00668877 /* Sniglet WidgetExtension.appex */ = {isa = PBXFileReference; explicitFileType = "wrapper.app-extension"; includeInIndex = 0; path = "Sniglet WidgetExtension.appex"; sourceTree = BUILT_PRODUCTS_DIR; };
		95F6D19027568CBC00668877 /* WidgetKit.framework */ = {isa = PBXFileReference; lastKnownFileType = wrapper.framework; name = WidgetKit.framework; path = System/Library/Frameworks/WidgetKit.framework; sourceTree = SDKROOT; };
		95F6D19227568CBC00668877 /* SwiftUI.framework */ = {isa = PBXFileReference; lastKnownFileType = wrapper.framework; name = SwiftUI.framework; path = System/Library/Frameworks/SwiftUI.framework; sourceTree = SDKROOT; };
		95F6D19527568CBC00668877 /* WidgetBundle.swift */ = {isa = PBXFileReference; lastKnownFileType = sourcecode.swift; path = WidgetBundle.swift; sourceTree = "<group>"; };
		95F6D19727568CBD00668877 /* Assets.xcassets */ = {isa = PBXFileReference; lastKnownFileType = folder.assetcatalog; path = Assets.xcassets; sourceTree = "<group>"; };
		95F6D19927568CBD00668877 /* Info.plist */ = {isa = PBXFileReference; lastKnownFileType = text.plist.xml; path = Info.plist; sourceTree = "<group>"; };
		95F6D19D27568CBD00668877 /* Sniglet WidgetExtension.entitlements */ = {isa = PBXFileReference; lastKnownFileType = text.plist.entitlements; path = "Sniglet WidgetExtension.entitlements"; sourceTree = "<group>"; };
/* End PBXFileReference section */

/* Begin PBXFrameworksBuildPhase section */
		9552F64727432CE2004582D6 /* Frameworks */ = {
			isa = PBXFrameworksBuildPhase;
			buildActionMask = 2147483647;
			files = (
				95609547276D512E0026D4E1 /* CloudKit.framework in Frameworks */,
			);
			runOnlyForDeploymentPostprocessing = 0;
		};
		95F6D18B27568CBC00668877 /* Frameworks */ = {
			isa = PBXFrameworksBuildPhase;
			buildActionMask = 2147483647;
			files = (
				95C7401E276D6C2200A9AE63 /* CloudKit.framework in Frameworks */,
				95F6D19327568CBC00668877 /* SwiftUI.framework in Frameworks */,
				95F6D19127568CBC00668877 /* WidgetKit.framework in Frameworks */,
			);
			runOnlyForDeploymentPostprocessing = 0;
		};
/* End PBXFrameworksBuildPhase section */

/* Begin PBXGroup section */
		9539B80D27650FD200E9E54D /* Utilities */ = {
			isa = PBXGroup;
			children = (
				95E0698827442B9D0043F568 /* DoubleExtension.swift */,
				95511DC1274AC36500234573 /* String.swift */,
				958C2D3E274C1C1D0076E0D9 /* SyllableShapes.swift */,
				95C794A32766E5A500051AED /* AppGroup.swift */,
			);
			path = Utilities;
			sourceTree = "<group>";
		};
		9552F63D27432CE0004582D6 = {
			isa = PBXGroup;
			children = (
				9539B8112765263200E9E54D /* README.md */,
				957DFBCC276E44C10034CBB0 /* Scripts */,
				957DFBCD276E451D0034CBB0 /* App Entitlements */,
				9552F64227432CE0004582D6 /* Shared */,
				9552F65127432CE2004582D6 /* macOS */,
				95F6D19427568CBC00668877 /* Sniglet Widget */,
				95F6D18F27568CBC00668877 /* Frameworks */,
				9552F64B27432CE2004582D6 /* Products */,
			);
			sourceTree = "<group>";
		};
		9552F64227432CE0004582D6 /* Shared */ = {
			isa = PBXGroup;
			children = (
				95562DCF276698EA00E0C6FD /* Models */,
				9539B80D27650FD200E9E54D /* Utilities */,
				957676EE274CA5140011E558 /* Views */,
				9552F66127432DCE004582D6 /* SnigletValidator.mlmodel */,
				9552F64327432CE0004582D6 /* Give_Me_a_SnigletApp.swift */,
				9552F64527432CE2004582D6 /* Assets.xcassets */,
				9552F66427432F0F004582D6 /* Sniglet.swift */,
				95E06987274419870043F568 /* Localizable.strings */,
				9539B80E27651F9D00E9E54D /* SnigletResult.swift */,
			);
			path = Shared;
			sourceTree = "<group>";
		};
		9552F64B27432CE2004582D6 /* Products */ = {
			isa = PBXGroup;
			children = (
				9552F64A27432CE2004582D6 /* Give Me a Sniglet.app */,
				95F6D18E27568CBC00668877 /* Sniglet WidgetExtension.appex */,
			);
			name = Products;
			sourceTree = "<group>";
		};
		9552F65127432CE2004582D6 /* macOS */ = {
			isa = PBXGroup;
			children = (
				9552F65227432CE2004582D6 /* macOS.entitlements */,
			);
			path = macOS;
			sourceTree = "<group>";
		};
		95562DCF276698EA00E0C6FD /* Models */ = {
			isa = PBXGroup;
			children = (
				9540B225276692DE00A6E5D2 /* DataModel.xcdatamodeld */,
				95562DD0276698FA00E0C6FD /* DBController.swift */,
			);
			path = Models;
			sourceTree = "<group>";
		};
		957676E8274CA3110011E558 /* Generator */ = {
			isa = PBXGroup;
			children = (
				95E0697B274417F00043F568 /* Generator.swift */,
				957676E9274CA3250011E558 /* GeneratorList.swift */,
				957676EB274CA38A0011E558 /* GeneratorSingle.swift */,
			);
			path = Generator;
			sourceTree = "<group>";
		};
		957676EE274CA5140011E558 /* Views */ = {
			isa = PBXGroup;
			children = (
				957DFBC3276D722C0034CBB0 /* Pages */,
				9552F64427432CE0004582D6 /* ContentView.swift */,
				957DFBC4276D724A0034CBB0 /* WhatsNewView.swift */,
			);
			path = Views;
			sourceTree = "<group>";
		};
		957DFBC3276D722C0034CBB0 /* Pages */ = {
			isa = PBXGroup;
			children = (
				957676E8274CA3110011E558 /* Generator */,
				95E0697E2744188B0043F568 /* Settings.swift */,
				95562DCD276695FF00E0C6FD /* Dictionary.swift */,
			);
			path = Pages;
			sourceTree = "<group>";
		};
		957DFBCD276E451D0034CBB0 /* App Entitlements */ = {
			isa = PBXGroup;
			children = (
				95BFE9C72766F804004E8630 /* Give-Me-a-Sniglet--iOS--Info.plist */,
				95F6D19D27568CBD00668877 /* Sniglet WidgetExtension.entitlements */,
				95E0698B274454F20043F568 /* Give Me a Sniglet (iOS).entitlements */,
			);
			path = "App Entitlements";
			sourceTree = "<group>";
		};
		95C794922766D31700051AED /* Providers */ = {
			isa = PBXGroup;
			children = (
				95C794962766D35300051AED /* RandomSnigletProvider.swift */,
				95C7949D2766D55000051AED /* SavedWOTDProvider.swift */,
			);
			path = Providers;
			sourceTree = "<group>";
		};
		95C794932766D31D00051AED /* Widgets */ = {
			isa = PBXGroup;
			children = (
				95C794942766D33100051AED /* RandomSniglet.swift */,
				95C794A12766DE1800051AED /* DailySavedSniglet.swift */,
			);
			path = Widgets;
			sourceTree = "<group>";
		};
		95C794982766D3B500051AED /* Views */ = {
			isa = PBXGroup;
			children = (
				95C794992766D3C100051AED /* RandomSnigletEV.swift */,
				95C7949B2766D3EF00051AED /* WidgetConfidenceBar.swift */,
				95C7949F2766D92A00051AED /* SavedWOTDEV.swift */,
			);
			path = Views;
			sourceTree = "<group>";
		};
		95F6D18F27568CBC00668877 /* Frameworks */ = {
			isa = PBXGroup;
			children = (
				95609546276D512E0026D4E1 /* CloudKit.framework */,
				95F6D19027568CBC00668877 /* WidgetKit.framework */,
				95F6D19227568CBC00668877 /* SwiftUI.framework */,
			);
			name = Frameworks;
			sourceTree = "<group>";
		};
		95F6D19427568CBC00668877 /* Sniglet Widget */ = {
			isa = PBXGroup;
			children = (
				95C794982766D3B500051AED /* Views */,
				95C794932766D31D00051AED /* Widgets */,
				95C794922766D31700051AED /* Providers */,
				95F6D19527568CBC00668877 /* WidgetBundle.swift */,
				95F6D19727568CBD00668877 /* Assets.xcassets */,
				95F6D19927568CBD00668877 /* Info.plist */,
			);
			path = "Sniglet Widget";
			sourceTree = "<group>";
		};
/* End PBXGroup section */

/* Begin PBXNativeTarget section */
		9552F64927432CE2004582D6 /* Give Me a Sniglet (iOS) */ = {
			isa = PBXNativeTarget;
			buildConfigurationList = 9552F65B27432CE2004582D6 /* Build configuration list for PBXNativeTarget "Give Me a Sniglet (iOS)" */;
			buildPhases = (
				9552F64627432CE2004582D6 /* Sources */,
				9552F64727432CE2004582D6 /* Frameworks */,
				9552F64827432CE2004582D6 /* Resources */,
				95F6D19E27568CBD00668877 /* Embed App Extensions */,
			);
			buildRules = (
			);
			dependencies = (
				95F6D19B27568CBD00668877 /* PBXTargetDependency */,
			);
			name = "Give Me a Sniglet (iOS)";
			productName = "Give Me a Sniglet (iOS)";
			productReference = 9552F64A27432CE2004582D6 /* Give Me a Sniglet.app */;
			productType = "com.apple.product-type.application";
		};
		95F6D18D27568CBC00668877 /* Sniglet WidgetExtension */ = {
			isa = PBXNativeTarget;
			buildConfigurationList = 95F6D1A127568CBD00668877 /* Build configuration list for PBXNativeTarget "Sniglet WidgetExtension" */;
			buildPhases = (
				95F6D18A27568CBC00668877 /* Sources */,
				95F6D18B27568CBC00668877 /* Frameworks */,
				95F6D18C27568CBC00668877 /* Resources */,
			);
			buildRules = (
			);
			dependencies = (
			);
			name = "Sniglet WidgetExtension";
			productName = "Sniglet WidgetExtension";
			productReference = 95F6D18E27568CBC00668877 /* Sniglet WidgetExtension.appex */;
			productType = "com.apple.product-type.app-extension";
		};
/* End PBXNativeTarget section */

/* Begin PBXProject section */
		9552F63E27432CE0004582D6 /* Project object */ = {
			isa = PBXProject;
			attributes = {
				BuildIndependentTargetsInParallel = 1;
				LastSwiftUpdateCheck = 1310;
				LastUpgradeCheck = 1310;
				TargetAttributes = {
					9552F64927432CE2004582D6 = {
						CreatedOnToolsVersion = 13.1;
					};
					95F6D18D27568CBC00668877 = {
						CreatedOnToolsVersion = 13.1;
					};
				};
			};
			buildConfigurationList = 9552F64127432CE0004582D6 /* Build configuration list for PBXProject "Give Me a Sniglet" */;
			compatibilityVersion = "Xcode 13.0";
			developmentRegion = en;
			hasScannedForEncodings = 0;
			knownRegions = (
				en,
				Base,
			);
			mainGroup = 9552F63D27432CE0004582D6;
			productRefGroup = 9552F64B27432CE2004582D6 /* Products */;
			projectDirPath = "";
			projectRoot = "";
			targets = (
				9552F64927432CE2004582D6 /* Give Me a Sniglet (iOS) */,
				95F6D18D27568CBC00668877 /* Sniglet WidgetExtension */,
			);
		};
/* End PBXProject section */

/* Begin PBXResourcesBuildPhase section */
		9552F64827432CE2004582D6 /* Resources */ = {
			isa = PBXResourcesBuildPhase;
			buildActionMask = 2147483647;
			files = (
				9552F65727432CE2004582D6 /* Assets.xcassets in Resources */,
				95E06984274419870043F568 /* Localizable.strings in Resources */,
			);
			runOnlyForDeploymentPostprocessing = 0;
		};
		95F6D18C27568CBC00668877 /* Resources */ = {
			isa = PBXResourcesBuildPhase;
			buildActionMask = 2147483647;
			files = (
				95F6D19827568CBD00668877 /* Assets.xcassets in Resources */,
			);
			runOnlyForDeploymentPostprocessing = 0;
		};
/* End PBXResourcesBuildPhase section */

/* Begin PBXSourcesBuildPhase section */
		9552F64627432CE2004582D6 /* Sources */ = {
			isa = PBXSourcesBuildPhase;
			buildActionMask = 2147483647;
			files = (
				95E0697F2744188B0043F568 /* Settings.swift in Sources */,
				957DFBC5276D724A0034CBB0 /* WhatsNewView.swift in Sources */,
				95562DD1276698FA00E0C6FD /* DBController.swift in Sources */,
				9552F65527432CE2004582D6 /* ContentView.swift in Sources */,
				9552F65327432CE2004582D6 /* Give_Me_a_SnigletApp.swift in Sources */,
				957676EC274CA38A0011E558 /* GeneratorSingle.swift in Sources */,
				9552F66227432DCE004582D6 /* SnigletValidator.mlmodel in Sources */,
				9552F66527432F0F004582D6 /* Sniglet.swift in Sources */,
				95C794A42766E5A500051AED /* AppGroup.swift in Sources */,
				95E0698927442B9D0043F568 /* DoubleExtension.swift in Sources */,
				958C2D3F274C1C1D0076E0D9 /* SyllableShapes.swift in Sources */,
				95511DC2274AC36500234573 /* String.swift in Sources */,
				95E0697C274417F00043F568 /* Generator.swift in Sources */,
				9540B227276692DE00A6E5D2 /* DataModel.xcdatamodeld in Sources */,
				95562DCE276695FF00E0C6FD /* Dictionary.swift in Sources */,
				957676EA274CA3250011E558 /* GeneratorList.swift in Sources */,
				9539B80F27651F9D00E9E54D /* SnigletResult.swift in Sources */,
			);
			runOnlyForDeploymentPostprocessing = 0;
		};
		95F6D18A27568CBC00668877 /* Sources */ = {
			isa = PBXSourcesBuildPhase;
			buildActionMask = 2147483647;
			files = (
				95C794972766D35300051AED /* RandomSnigletProvider.swift in Sources */,
				95F6D1A627568CF500668877 /* SnigletValidator.mlmodel in Sources */,
				95C7949E2766D55000051AED /* SavedWOTDProvider.swift in Sources */,
				95562DD227669A7500E0C6FD /* DBController.swift in Sources */,
				95C7949C2766D3EF00051AED /* WidgetConfidenceBar.swift in Sources */,
				9540B228276692DE00A6E5D2 /* DataModel.xcdatamodeld in Sources */,
				95F6D1A327568CE900668877 /* DoubleExtension.swift in Sources */,
				95F6D1A527568CF100668877 /* Sniglet.swift in Sources */,
				95C7949A2766D3C100051AED /* RandomSnigletEV.swift in Sources */,
				95C794A52766E5A500051AED /* AppGroup.swift in Sources */,
				95C794952766D33100051AED /* RandomSniglet.swift in Sources */,
				95C794A02766D92A00051AED /* SavedWOTDEV.swift in Sources */,
				9539B81027651FCF00E9E54D /* SnigletResult.swift in Sources */,
				95F6D1A227568CE700668877 /* String.swift in Sources */,
				95F6D19627568CBC00668877 /* WidgetBundle.swift in Sources */,
				95C794A22766DE1900051AED /* DailySavedSniglet.swift in Sources */,
				95F6D1A427568CEC00668877 /* SyllableShapes.swift in Sources */,
			);
			runOnlyForDeploymentPostprocessing = 0;
		};
/* End PBXSourcesBuildPhase section */

/* Begin PBXTargetDependency section */
		95F6D19B27568CBD00668877 /* PBXTargetDependency */ = {
			isa = PBXTargetDependency;
			target = 95F6D18D27568CBC00668877 /* Sniglet WidgetExtension */;
			targetProxy = 95F6D19A27568CBD00668877 /* PBXContainerItemProxy */;
		};
/* End PBXTargetDependency section */

/* Begin PBXVariantGroup section */
		95E06987274419870043F568 /* Localizable.strings */ = {
			isa = PBXVariantGroup;
			children = (
				95E06986274419870043F568 /* en */,
			);
			name = Localizable.strings;
			sourceTree = "<group>";
		};
/* End PBXVariantGroup section */

/* Begin XCBuildConfiguration section */
		9552F65927432CE2004582D6 /* Debug */ = {
			isa = XCBuildConfiguration;
			buildSettings = {
				ALWAYS_SEARCH_USER_PATHS = NO;
				CLANG_ANALYZER_NONNULL = YES;
				CLANG_ANALYZER_NUMBER_OBJECT_CONVERSION = YES_AGGRESSIVE;
				CLANG_CXX_LANGUAGE_STANDARD = "gnu++17";
				CLANG_CXX_LIBRARY = "libc++";
				CLANG_ENABLE_MODULES = YES;
				CLANG_ENABLE_OBJC_ARC = YES;
				CLANG_ENABLE_OBJC_WEAK = YES;
				CLANG_WARN_BLOCK_CAPTURE_AUTORELEASING = YES;
				CLANG_WARN_BOOL_CONVERSION = YES;
				CLANG_WARN_COMMA = YES;
				CLANG_WARN_CONSTANT_CONVERSION = YES;
				CLANG_WARN_DEPRECATED_OBJC_IMPLEMENTATIONS = YES;
				CLANG_WARN_DIRECT_OBJC_ISA_USAGE = YES_ERROR;
				CLANG_WARN_DOCUMENTATION_COMMENTS = YES;
				CLANG_WARN_EMPTY_BODY = YES;
				CLANG_WARN_ENUM_CONVERSION = YES;
				CLANG_WARN_INFINITE_RECURSION = YES;
				CLANG_WARN_INT_CONVERSION = YES;
				CLANG_WARN_NON_LITERAL_NULL_CONVERSION = YES;
				CLANG_WARN_OBJC_IMPLICIT_RETAIN_SELF = YES;
				CLANG_WARN_OBJC_LITERAL_CONVERSION = YES;
				CLANG_WARN_OBJC_ROOT_CLASS = YES_ERROR;
				CLANG_WARN_QUOTED_INCLUDE_IN_FRAMEWORK_HEADER = YES;
				CLANG_WARN_RANGE_LOOP_ANALYSIS = YES;
				CLANG_WARN_STRICT_PROTOTYPES = YES;
				CLANG_WARN_SUSPICIOUS_MOVE = YES;
				CLANG_WARN_UNGUARDED_AVAILABILITY = YES_AGGRESSIVE;
				CLANG_WARN_UNREACHABLE_CODE = YES;
				CLANG_WARN__DUPLICATE_METHOD_MATCH = YES;
				COPY_PHASE_STRIP = NO;
				DEBUG_INFORMATION_FORMAT = dwarf;
				ENABLE_STRICT_OBJC_MSGSEND = YES;
				ENABLE_TESTABILITY = YES;
				GCC_C_LANGUAGE_STANDARD = gnu11;
				GCC_DYNAMIC_NO_PIC = NO;
				GCC_NO_COMMON_BLOCKS = YES;
				GCC_OPTIMIZATION_LEVEL = 0;
				GCC_PREPROCESSOR_DEFINITIONS = (
					"DEBUG=1",
					"$(inherited)",
				);
				GCC_WARN_64_TO_32_BIT_CONVERSION = YES;
				GCC_WARN_ABOUT_RETURN_TYPE = YES_ERROR;
				GCC_WARN_UNDECLARED_SELECTOR = YES;
				GCC_WARN_UNINITIALIZED_AUTOS = YES_AGGRESSIVE;
				GCC_WARN_UNUSED_FUNCTION = YES;
				GCC_WARN_UNUSED_VARIABLE = YES;
				MTL_ENABLE_DEBUG_INFO = INCLUDE_SOURCE;
				MTL_FAST_MATH = YES;
				ONLY_ACTIVE_ARCH = YES;
				SWIFT_ACTIVE_COMPILATION_CONDITIONS = DEBUG;
				SWIFT_OPTIMIZATION_LEVEL = "-Onone";
			};
			name = Debug;
		};
		9552F65A27432CE2004582D6 /* Release */ = {
			isa = XCBuildConfiguration;
			buildSettings = {
				ALWAYS_SEARCH_USER_PATHS = NO;
				CLANG_ANALYZER_NONNULL = YES;
				CLANG_ANALYZER_NUMBER_OBJECT_CONVERSION = YES_AGGRESSIVE;
				CLANG_CXX_LANGUAGE_STANDARD = "gnu++17";
				CLANG_CXX_LIBRARY = "libc++";
				CLANG_ENABLE_MODULES = YES;
				CLANG_ENABLE_OBJC_ARC = YES;
				CLANG_ENABLE_OBJC_WEAK = YES;
				CLANG_WARN_BLOCK_CAPTURE_AUTORELEASING = YES;
				CLANG_WARN_BOOL_CONVERSION = YES;
				CLANG_WARN_COMMA = YES;
				CLANG_WARN_CONSTANT_CONVERSION = YES;
				CLANG_WARN_DEPRECATED_OBJC_IMPLEMENTATIONS = YES;
				CLANG_WARN_DIRECT_OBJC_ISA_USAGE = YES_ERROR;
				CLANG_WARN_DOCUMENTATION_COMMENTS = YES;
				CLANG_WARN_EMPTY_BODY = YES;
				CLANG_WARN_ENUM_CONVERSION = YES;
				CLANG_WARN_INFINITE_RECURSION = YES;
				CLANG_WARN_INT_CONVERSION = YES;
				CLANG_WARN_NON_LITERAL_NULL_CONVERSION = YES;
				CLANG_WARN_OBJC_IMPLICIT_RETAIN_SELF = YES;
				CLANG_WARN_OBJC_LITERAL_CONVERSION = YES;
				CLANG_WARN_OBJC_ROOT_CLASS = YES_ERROR;
				CLANG_WARN_QUOTED_INCLUDE_IN_FRAMEWORK_HEADER = YES;
				CLANG_WARN_RANGE_LOOP_ANALYSIS = YES;
				CLANG_WARN_STRICT_PROTOTYPES = YES;
				CLANG_WARN_SUSPICIOUS_MOVE = YES;
				CLANG_WARN_UNGUARDED_AVAILABILITY = YES_AGGRESSIVE;
				CLANG_WARN_UNREACHABLE_CODE = YES;
				CLANG_WARN__DUPLICATE_METHOD_MATCH = YES;
				COPY_PHASE_STRIP = NO;
				DEBUG_INFORMATION_FORMAT = "dwarf-with-dsym";
				ENABLE_NS_ASSERTIONS = NO;
				ENABLE_STRICT_OBJC_MSGSEND = YES;
				GCC_C_LANGUAGE_STANDARD = gnu11;
				GCC_NO_COMMON_BLOCKS = YES;
				GCC_WARN_64_TO_32_BIT_CONVERSION = YES;
				GCC_WARN_ABOUT_RETURN_TYPE = YES_ERROR;
				GCC_WARN_UNDECLARED_SELECTOR = YES;
				GCC_WARN_UNINITIALIZED_AUTOS = YES_AGGRESSIVE;
				GCC_WARN_UNUSED_FUNCTION = YES;
				GCC_WARN_UNUSED_VARIABLE = YES;
				MTL_ENABLE_DEBUG_INFO = NO;
				MTL_FAST_MATH = YES;
				SWIFT_COMPILATION_MODE = wholemodule;
				SWIFT_OPTIMIZATION_LEVEL = "-O";
			};
			name = Release;
		};
		9552F65C27432CE2004582D6 /* Debug */ = {
			isa = XCBuildConfiguration;
			buildSettings = {
				ALWAYS_EMBED_SWIFT_STANDARD_LIBRARIES = YES;
				ASSETCATALOG_COMPILER_APPICON_NAME = AppIcon;
				ASSETCATALOG_COMPILER_GLOBAL_ACCENT_COLOR_NAME = AccentColor;
				CODE_SIGN_ENTITLEMENTS = "App Entitlements/Give Me a Sniglet (iOS).entitlements";
				CODE_SIGN_STYLE = Automatic;
				CURRENT_PROJECT_VERSION = 3;
				DEVELOPMENT_TEAM = FQQXSP79X3;
				ENABLE_PREVIEWS = YES;
				GENERATE_INFOPLIST_FILE = YES;
				INFOPLIST_FILE = "App Entitlements/Give-Me-a-Sniglet--iOS--Info.plist";
				INFOPLIST_KEY_LSApplicationCategoryType = "public.app-category.utilities";
				INFOPLIST_KEY_UIApplicationSceneManifest_Generation = YES;
				INFOPLIST_KEY_UIApplicationSupportsIndirectInputEvents = YES;
				INFOPLIST_KEY_UILaunchScreen_Generation = YES;
				INFOPLIST_KEY_UISupportedInterfaceOrientations_iPad = "UIInterfaceOrientationPortrait UIInterfaceOrientationPortraitUpsideDown UIInterfaceOrientationLandscapeLeft UIInterfaceOrientationLandscapeRight";
				INFOPLIST_KEY_UISupportedInterfaceOrientations_iPhone = "UIInterfaceOrientationPortrait UIInterfaceOrientationLandscapeLeft UIInterfaceOrientationLandscapeRight";
				IPHONEOS_DEPLOYMENT_TARGET = 15.0;
				LD_RUNPATH_SEARCH_PATHS = (
					"$(inherited)",
					"@executable_path/Frameworks",
				);
				MARKETING_VERSION = 1.1;
				PRODUCT_BUNDLE_IDENTIFIER = net.marquiskurt.abysima;
				PRODUCT_NAME = "Give Me a Sniglet";
				SDKROOT = iphoneos;
				SUPPORTS_MACCATALYST = YES;
				SWIFT_EMIT_LOC_STRINGS = YES;
				SWIFT_VERSION = 5.0;
				TARGETED_DEVICE_FAMILY = "1,2";
			};
			name = Debug;
		};
		9552F65D27432CE2004582D6 /* Release */ = {
			isa = XCBuildConfiguration;
			buildSettings = {
				ALWAYS_EMBED_SWIFT_STANDARD_LIBRARIES = YES;
				ASSETCATALOG_COMPILER_APPICON_NAME = AppIcon;
				ASSETCATALOG_COMPILER_GLOBAL_ACCENT_COLOR_NAME = AccentColor;
				CODE_SIGN_ENTITLEMENTS = "App Entitlements/Give Me a Sniglet (iOS).entitlements";
				CODE_SIGN_STYLE = Automatic;
				CURRENT_PROJECT_VERSION = 3;
				DEVELOPMENT_TEAM = FQQXSP79X3;
				ENABLE_PREVIEWS = YES;
				GENERATE_INFOPLIST_FILE = YES;
				INFOPLIST_FILE = "App Entitlements/Give-Me-a-Sniglet--iOS--Info.plist";
				INFOPLIST_KEY_LSApplicationCategoryType = "public.app-category.utilities";
				INFOPLIST_KEY_UIApplicationSceneManifest_Generation = YES;
				INFOPLIST_KEY_UIApplicationSupportsIndirectInputEvents = YES;
				INFOPLIST_KEY_UILaunchScreen_Generation = YES;
				INFOPLIST_KEY_UISupportedInterfaceOrientations_iPad = "UIInterfaceOrientationPortrait UIInterfaceOrientationPortraitUpsideDown UIInterfaceOrientationLandscapeLeft UIInterfaceOrientationLandscapeRight";
				INFOPLIST_KEY_UISupportedInterfaceOrientations_iPhone = "UIInterfaceOrientationPortrait UIInterfaceOrientationLandscapeLeft UIInterfaceOrientationLandscapeRight";
				IPHONEOS_DEPLOYMENT_TARGET = 15.0;
				LD_RUNPATH_SEARCH_PATHS = (
					"$(inherited)",
					"@executable_path/Frameworks",
				);
				MARKETING_VERSION = 1.1;
				PRODUCT_BUNDLE_IDENTIFIER = net.marquiskurt.abysima;
				PRODUCT_NAME = "Give Me a Sniglet";
				SDKROOT = iphoneos;
				SUPPORTS_MACCATALYST = YES;
				SWIFT_EMIT_LOC_STRINGS = YES;
				SWIFT_VERSION = 5.0;
				TARGETED_DEVICE_FAMILY = "1,2";
				VALIDATE_PRODUCT = YES;
			};
			name = Release;
		};
		95F6D19F27568CBD00668877 /* Debug */ = {
			isa = XCBuildConfiguration;
			buildSettings = {
				ASSETCATALOG_COMPILER_GLOBAL_ACCENT_COLOR_NAME = AccentColor;
				ASSETCATALOG_COMPILER_WIDGET_BACKGROUND_COLOR_NAME = WidgetBackground;
				CODE_SIGN_ENTITLEMENTS = "App Entitlements/Sniglet WidgetExtension.entitlements";
				CODE_SIGN_STYLE = Automatic;
				CURRENT_PROJECT_VERSION = 3;
				DEVELOPMENT_TEAM = FQQXSP79X3;
				GENERATE_INFOPLIST_FILE = YES;
				INFOPLIST_FILE = "Sniglet Widget/Info.plist";
				INFOPLIST_KEY_CFBundleDisplayName = "Sniglet Widget";
				INFOPLIST_KEY_NSHumanReadableCopyright = "";
				IPHONEOS_DEPLOYMENT_TARGET = 15.0;
				LD_RUNPATH_SEARCH_PATHS = (
					"$(inherited)",
					"@executable_path/Frameworks",
					"@executable_path/../../Frameworks",
				);
				MARKETING_VERSION = 1.1;
				PRODUCT_BUNDLE_IDENTIFIER = net.marquiskurt.abysima.widgets;
				PRODUCT_NAME = "$(TARGET_NAME)";
				SDKROOT = iphoneos;
				SKIP_INSTALL = YES;
				SUPPORTS_MACCATALYST = YES;
				SWIFT_EMIT_LOC_STRINGS = YES;
				SWIFT_VERSION = 5.0;
				TARGETED_DEVICE_FAMILY = "1,2";
			};
			name = Debug;
		};
		95F6D1A027568CBD00668877 /* Release */ = {
			isa = XCBuildConfiguration;
			buildSettings = {
				ASSETCATALOG_COMPILER_GLOBAL_ACCENT_COLOR_NAME = AccentColor;
				ASSETCATALOG_COMPILER_WIDGET_BACKGROUND_COLOR_NAME = WidgetBackground;
				CODE_SIGN_ENTITLEMENTS = "App Entitlements/Sniglet WidgetExtension.entitlements";
				CODE_SIGN_STYLE = Automatic;
				CURRENT_PROJECT_VERSION = 3;
				DEVELOPMENT_TEAM = FQQXSP79X3;
				GENERATE_INFOPLIST_FILE = YES;
				INFOPLIST_FILE = "Sniglet Widget/Info.plist";
				INFOPLIST_KEY_CFBundleDisplayName = "Sniglet Widget";
				INFOPLIST_KEY_NSHumanReadableCopyright = "";
				IPHONEOS_DEPLOYMENT_TARGET = 15.0;
				LD_RUNPATH_SEARCH_PATHS = (
					"$(inherited)",
					"@executable_path/Frameworks",
					"@executable_path/../../Frameworks",
				);
				MARKETING_VERSION = 1.1;
				PRODUCT_BUNDLE_IDENTIFIER = net.marquiskurt.abysima.widgets;
				PRODUCT_NAME = "$(TARGET_NAME)";
				SDKROOT = iphoneos;
				SKIP_INSTALL = YES;
				SUPPORTS_MACCATALYST = YES;
				SWIFT_EMIT_LOC_STRINGS = YES;
				SWIFT_VERSION = 5.0;
				TARGETED_DEVICE_FAMILY = "1,2";
				VALIDATE_PRODUCT = YES;
			};
			name = Release;
		};
/* End XCBuildConfiguration section */

/* Begin XCConfigurationList section */
		9552F64127432CE0004582D6 /* Build configuration list for PBXProject "Give Me a Sniglet" */ = {
			isa = XCConfigurationList;
			buildConfigurations = (
				9552F65927432CE2004582D6 /* Debug */,
				9552F65A27432CE2004582D6 /* Release */,
			);
			defaultConfigurationIsVisible = 0;
			defaultConfigurationName = Release;
		};
		9552F65B27432CE2004582D6 /* Build configuration list for PBXNativeTarget "Give Me a Sniglet (iOS)" */ = {
			isa = XCConfigurationList;
			buildConfigurations = (
				9552F65C27432CE2004582D6 /* Debug */,
				9552F65D27432CE2004582D6 /* Release */,
			);
			defaultConfigurationIsVisible = 0;
			defaultConfigurationName = Release;
		};
		95F6D1A127568CBD00668877 /* Build configuration list for PBXNativeTarget "Sniglet WidgetExtension" */ = {
			isa = XCConfigurationList;
			buildConfigurations = (
				95F6D19F27568CBD00668877 /* Debug */,
				95F6D1A027568CBD00668877 /* Release */,
			);
			defaultConfigurationIsVisible = 0;
			defaultConfigurationName = Release;
		};
/* End XCConfigurationList section */

/* Begin XCVersionGroup section */
		9540B225276692DE00A6E5D2 /* DataModel.xcdatamodeld */ = {
			isa = XCVersionGroup;
			children = (
				9540B226276692DE00A6E5D2 /* DataModel.xcdatamodel */,
			);
			currentVersion = 9540B226276692DE00A6E5D2 /* DataModel.xcdatamodel */;
			path = DataModel.xcdatamodeld;
			sourceTree = "<group>";
			versionGroupType = wrapper.xcdatamodel;
		};
/* End XCVersionGroup section */
	};
	rootObject = 9552F63E27432CE0004582D6 /* Project object */;
}
